
Microsoft Visual Studio Solution File, Format Version 12.00
# Visual Studio Version 16
VisualStudioVersion = 16.0.29806.167
MinimumVisualStudioVersion = 10.0.40219.1
Project("{2150E333-8FDC-42A3-9474-1A3956D46DE8}") = "01 - Testes de Unidade", "01 - Testes de Unidade", "{DD932F64-9B55-4D51-A41A-6B08DE0AA4ED}"
EndProject
Project("{2150E333-8FDC-42A3-9474-1A3956D46DE8}") = "1.1 - Testes Basicos", "1.1 - Testes Basicos", "{575DECF0-5214-498B-8DDB-0178EDACED93}"
EndProject
Project("{9A19103F-16F7-4668-BE54-9A1E7A4F7556}") = "Demo", "01 - Testes De Unidade\Demo\Demo.csproj", "{6DCB7ECC-059E-4126-8D16-60118BBD5D6C}"
EndProject
Project("{9A19103F-16F7-4668-BE54-9A1E7A4F7556}") = "Demo.Tests", "01 - Testes De Unidade\Demo.Tests\Demo.Tests.csproj", "{ABB50617-78EC-47C8-8DFC-0D90D6173B0A}"
EndProject
Project("{2150E333-8FDC-42A3-9474-1A3956D46DE8}") = "1.2 - Features", "1.2 - Features", "{6B7A2DB4-4436-44DE-A6FD-05AF5EA98BF8}"
EndProject
Project("{9A19103F-16F7-4668-BE54-9A1E7A4F7556}") = "Features", "01 - Testes De Unidade\Features\Features\Features.csproj", "{50A55B2A-7217-4843-8C6B-AC3616E227CD}"
EndProject
Project("{9A19103F-16F7-4668-BE54-9A1E7A4F7556}") = "Features.Tests", "01 - Testes De Unidade\Features.Tests\Features.Tests.csproj", "{6E897D0B-5672-48D3-9210-0C1B87ED987F}"
EndProject
Project("{2150E333-8FDC-42A3-9474-1A3956D46DE8}") = "02 - TDD", "02 - TDD", "{1C6193D7-05F0-4594-BFCC-DBED38F56E2E}"
EndProject
Project("{2150E333-8FDC-42A3-9474-1A3956D46DE8}") = "Tests", "Tests", "{5764AC38-5D69-44DE-B5DE-C3376C74F41F}"
EndProject
Project("{9A19103F-16F7-4668-BE54-9A1E7A4F7556}") = "NerdStore.Vendas.Application.Tests", "02 - TDD\tests\NerdStore.Vendas.Application.Tests\NerdStore.Vendas.Application.Tests.csproj", "{85FFDB01-4896-4539-8B61-4B6CD1C4A00D}"
EndProject
Project("{9A19103F-16F7-4668-BE54-9A1E7A4F7556}") = "NerdStore.Vendas.Domain.Tests", "02 - TDD\tests\NerdStore.Vendas.Domain.Tests\NerdStore.Vendas.Domain.Tests.csproj", "{D8D9A5A9-64B2-45BC-B37A-29CF8E1437F4}"
EndProject
Project("{9A19103F-16F7-4668-BE54-9A1E7A4F7556}") = "NerdStore.Vendas.Domain", "02 - TDD\src\NerdStore.Vendas.Domain\NerdStore.Vendas.Domain.csproj", "{3098AF45-8B5D-4772-BDDC-B3A53538D596}"
EndProject
Project("{9A19103F-16F7-4668-BE54-9A1E7A4F7556}") = "NerdStore.Core", "02 - TDD\src\NerdStore.Core\NerdStore.Core.csproj", "{621F4EF4-7D9B-484D-B2D5-1C7DDF35BEC3}"
EndProject
Project("{FAE04EC0-301F-11D3-BF4B-00C04F79EFBC}") = "NerdStore.Vendas.Application", "02 - TDD\src\NerdStore.Vendas.Application\NerdStore.Vendas.Application.csproj", "{A2CA9EBE-325E-454C-9B34-5A59F33DCE70}"
EndProject
Project("{FAE04EC0-301F-11D3-BF4B-00C04F79EFBC}") = "NerdStore.Vendas.Data", "02 - TDD\src\NerdStore.Vendas.Data\NerdStore.Vendas.Data.csproj", "{42909AEC-2D96-47D8-900A-452D335474F6}"
EndProject
Global
	GlobalSection(SolutionConfigurationPlatforms) = preSolution
		Debug|Any CPU = Debug|Any CPU
		Release|Any CPU = Release|Any CPU
	EndGlobalSection
	GlobalSection(ProjectConfigurationPlatforms) = postSolution
		{6DCB7ECC-059E-4126-8D16-60118BBD5D6C}.Debug|Any CPU.ActiveCfg = Debug|Any CPU
		{6DCB7ECC-059E-4126-8D16-60118BBD5D6C}.Debug|Any CPU.Build.0 = Debug|Any CPU
		{6DCB7ECC-059E-4126-8D16-60118BBD5D6C}.Release|Any CPU.ActiveCfg = Release|Any CPU
		{6DCB7ECC-059E-4126-8D16-60118BBD5D6C}.Release|Any CPU.Build.0 = Release|Any CPU
		{ABB50617-78EC-47C8-8DFC-0D90D6173B0A}.Debug|Any CPU.ActiveCfg = Debug|Any CPU
		{ABB50617-78EC-47C8-8DFC-0D90D6173B0A}.Debug|Any CPU.Build.0 = Debug|Any CPU
		{ABB50617-78EC-47C8-8DFC-0D90D6173B0A}.Release|Any CPU.ActiveCfg = Release|Any CPU
		{ABB50617-78EC-47C8-8DFC-0D90D6173B0A}.Release|Any CPU.Build.0 = Release|Any CPU
		{50A55B2A-7217-4843-8C6B-AC3616E227CD}.Debug|Any CPU.ActiveCfg = Debug|Any CPU
		{50A55B2A-7217-4843-8C6B-AC3616E227CD}.Debug|Any CPU.Build.0 = Debug|Any CPU
		{50A55B2A-7217-4843-8C6B-AC3616E227CD}.Release|Any CPU.ActiveCfg = Release|Any CPU
		{50A55B2A-7217-4843-8C6B-AC3616E227CD}.Release|Any CPU.Build.0 = Release|Any CPU
		{6E897D0B-5672-48D3-9210-0C1B87ED987F}.Debug|Any CPU.ActiveCfg = Debug|Any CPU
		{6E897D0B-5672-48D3-9210-0C1B87ED987F}.Debug|Any CPU.Build.0 = Debug|Any CPU
		{6E897D0B-5672-48D3-9210-0C1B87ED987F}.Release|Any CPU.ActiveCfg = Release|Any CPU
		{6E897D0B-5672-48D3-9210-0C1B87ED987F}.Release|Any CPU.Build.0 = Release|Any CPU
		{85FFDB01-4896-4539-8B61-4B6CD1C4A00D}.Debug|Any CPU.ActiveCfg = Debug|Any CPU
		{85FFDB01-4896-4539-8B61-4B6CD1C4A00D}.Debug|Any CPU.Build.0 = Debug|Any CPU
		{85FFDB01-4896-4539-8B61-4B6CD1C4A00D}.Release|Any CPU.ActiveCfg = Release|Any CPU
		{85FFDB01-4896-4539-8B61-4B6CD1C4A00D}.Release|Any CPU.Build.0 = Release|Any CPU
		{D8D9A5A9-64B2-45BC-B37A-29CF8E1437F4}.Debug|Any CPU.ActiveCfg = Debug|Any CPU
		{D8D9A5A9-64B2-45BC-B37A-29CF8E1437F4}.Debug|Any CPU.Build.0 = Debug|Any CPU
		{D8D9A5A9-64B2-45BC-B37A-29CF8E1437F4}.Release|Any CPU.ActiveCfg = Release|Any CPU
		{D8D9A5A9-64B2-45BC-B37A-29CF8E1437F4}.Release|Any CPU.Build.0 = Release|Any CPU
		{3098AF45-8B5D-4772-BDDC-B3A53538D596}.Debug|Any CPU.ActiveCfg = Debug|Any CPU
		{3098AF45-8B5D-4772-BDDC-B3A53538D596}.Debug|Any CPU.Build.0 = Debug|Any CPU
		{3098AF45-8B5D-4772-BDDC-B3A53538D596}.Release|Any CPU.ActiveCfg = Release|Any CPU
		{3098AF45-8B5D-4772-BDDC-B3A53538D596}.Release|Any CPU.Build.0 = Release|Any CPU
		{621F4EF4-7D9B-484D-B2D5-1C7DDF35BEC3}.Debug|Any CPU.ActiveCfg = Debug|Any CPU
		{621F4EF4-7D9B-484D-B2D5-1C7DDF35BEC3}.Debug|Any CPU.Build.0 = Debug|Any CPU
		{621F4EF4-7D9B-484D-B2D5-1C7DDF35BEC3}.Release|Any CPU.ActiveCfg = Release|Any CPU
		{621F4EF4-7D9B-484D-B2D5-1C7DDF35BEC3}.Release|Any CPU.Build.0 = Release|Any CPU
		{A2CA9EBE-325E-454C-9B34-5A59F33DCE70}.Debug|Any CPU.ActiveCfg = Debug|Any CPU
		{A2CA9EBE-325E-454C-9B34-5A59F33DCE70}.Debug|Any CPU.Build.0 = Debug|Any CPU
		{A2CA9EBE-325E-454C-9B34-5A59F33DCE70}.Release|Any CPU.ActiveCfg = Release|Any CPU
		{A2CA9EBE-325E-454C-9B34-5A59F33DCE70}.Release|Any CPU.Build.0 = Release|Any CPU
		{42909AEC-2D96-47D8-900A-452D335474F6}.Debug|Any CPU.ActiveCfg = Debug|Any CPU
		{42909AEC-2D96-47D8-900A-452D335474F6}.Debug|Any CPU.Build.0 = Debug|Any CPU
		{42909AEC-2D96-47D8-900A-452D335474F6}.Release|Any CPU.ActiveCfg = Release|Any CPU
		{42909AEC-2D96-47D8-900A-452D335474F6}.Release|Any CPU.Build.0 = Release|Any CPU
	EndGlobalSection
	GlobalSection(SolutionProperties) = preSolution
		HideSolutionNode = FALSE
	EndGlobalSection
	GlobalSection(NestedProjects) = preSolution
		{575DECF0-5214-498B-8DDB-0178EDACED93} = {DD932F64-9B55-4D51-A41A-6B08DE0AA4ED}
		{6DCB7ECC-059E-4126-8D16-60118BBD5D6C} = {575DECF0-5214-498B-8DDB-0178EDACED93}
		{ABB50617-78EC-47C8-8DFC-0D90D6173B0A} = {575DECF0-5214-498B-8DDB-0178EDACED93}
		{6B7A2DB4-4436-44DE-A6FD-05AF5EA98BF8} = {DD932F64-9B55-4D51-A41A-6B08DE0AA4ED}
		{50A55B2A-7217-4843-8C6B-AC3616E227CD} = {6B7A2DB4-4436-44DE-A6FD-05AF5EA98BF8}
		{6E897D0B-5672-48D3-9210-0C1B87ED987F} = {6B7A2DB4-4436-44DE-A6FD-05AF5EA98BF8}
		{5764AC38-5D69-44DE-B5DE-C3376C74F41F} = {1C6193D7-05F0-4594-BFCC-DBED38F56E2E}
		{85FFDB01-4896-4539-8B61-4B6CD1C4A00D} = {5764AC38-5D69-44DE-B5DE-C3376C74F41F}
		{D8D9A5A9-64B2-45BC-B37A-29CF8E1437F4} = {5764AC38-5D69-44DE-B5DE-C3376C74F41F}
		{3098AF45-8B5D-4772-BDDC-B3A53538D596} = {1C6193D7-05F0-4594-BFCC-DBED38F56E2E}
		{621F4EF4-7D9B-484D-B2D5-1C7DDF35BEC3} = {1C6193D7-05F0-4594-BFCC-DBED38F56E2E}
		{A2CA9EBE-325E-454C-9B34-5A59F33DCE70} = {1C6193D7-05F0-4594-BFCC-DBED38F56E2E}
		{42909AEC-2D96-47D8-900A-452D335474F6} = {1C6193D7-05F0-4594-BFCC-DBED38F56E2E}
	EndGlobalSection
	GlobalSection(ExtensibilityGlobals) = postSolution
		SolutionGuid = {71C6E769-F887-4EB1-9145-FF2593C8C562}
	EndGlobalSection
EndGlobal
